
Microsoft Visual Studio Solution File, Format Version 12.00
# Visual Studio Version 16
VisualStudioVersion = 16.0.30104.148
MinimumVisualStudioVersion = 10.0.40219.1
Project("{FAE04EC0-301F-11D3-BF4B-00C04F79EFBC}") = "COM_TelegramBot", "COM_TelegramBot\COM_TelegramBot.csproj", "{2FBC28D7-60F6-4E38-A412-F9483A483B0E}"
EndProject
Global
	GlobalSection(SolutionConfigurationPlatforms) = preSolution
		Debug|Any CPU = Debug|Any CPU
		Release|Any CPU = Release|Any CPU
	EndGlobalSection
	GlobalSection(ProjectConfigurationPlatforms) = postSolution
		{2FBC28D7-60F6-4E38-A412-F9483A483B0E}.Debug|Any CPU.ActiveCfg = Debug|Any CPU
		{2FBC28D7-60F6-4E38-A412-F9483A483B0E}.Debug|Any CPU.Build.0 = Debug|Any CPU
		{2FBC28D7-60F6-4E38-A412-F9483A483B0E}.Release|Any CPU.ActiveCfg = Release|Any CPU
		{2FBC28D7-60F6-4E38-A412-F9483A483B0E}.Release|Any CPU.Build.0 = Release|Any CPU
	EndGlobalSection
	GlobalSection(SolutionProperties) = preSolution
		HideSolutionNode = FALSE
	EndGlobalSection
	GlobalSection(ExtensibilityGlobals) = postSolution
		SolutionGuid = {4AA847D2-F3C2-4CD8-A287-F82D362D0246}
	EndGlobalSection
EndGlobal
