
Microsoft Visual Studio Solution File, Format Version 12.00
# Visual Studio Version 16
VisualStudioVersion = 16.0.30104.148
MinimumVisualStudioVersion = 10.0.40219.1
Project("{FAE04EC0-301F-11D3-BF4B-00C04F79EFBC}") = "WordLibrary", "WordLibrary\WordLibrary.csproj", "{EE1DC235-F3C2-4CE9-BE26-F6D5C52BA975}"
EndProject
Project("{FAE04EC0-301F-11D3-BF4B-00C04F79EFBC}") = "SearchInDocs_WF", "SearchInDocs_WF\SearchInDocs_WF.csproj", "{FC504D9A-7276-4FC0-BE27-C207ADCA1885}"
EndProject
Project("{FAE04EC0-301F-11D3-BF4B-00C04F79EFBC}") = "SearchInDocs_WPF", "SearchInDocs_WPF\SearchInDocs_WPF.csproj", "{0FB41432-B952-4702-90FE-A7587890F724}"
EndProject
Global
	GlobalSection(SolutionConfigurationPlatforms) = preSolution
		Debug|Any CPU = Debug|Any CPU
		Release|Any CPU = Release|Any CPU
	EndGlobalSection
	GlobalSection(ProjectConfigurationPlatforms) = postSolution
		{EE1DC235-F3C2-4CE9-BE26-F6D5C52BA975}.Debug|Any CPU.ActiveCfg = Debug|Any CPU
		{EE1DC235-F3C2-4CE9-BE26-F6D5C52BA975}.Debug|Any CPU.Build.0 = Debug|Any CPU
		{EE1DC235-F3C2-4CE9-BE26-F6D5C52BA975}.Release|Any CPU.ActiveCfg = Release|Any CPU
		{EE1DC235-F3C2-4CE9-BE26-F6D5C52BA975}.Release|Any CPU.Build.0 = Release|Any CPU
		{FC504D9A-7276-4FC0-BE27-C207ADCA1885}.Debug|Any CPU.ActiveCfg = Debug|Any CPU
		{FC504D9A-7276-4FC0-BE27-C207ADCA1885}.Debug|Any CPU.Build.0 = Debug|Any CPU
		{FC504D9A-7276-4FC0-BE27-C207ADCA1885}.Release|Any CPU.ActiveCfg = Release|Any CPU
		{FC504D9A-7276-4FC0-BE27-C207ADCA1885}.Release|Any CPU.Build.0 = Release|Any CPU
		{0FB41432-B952-4702-90FE-A7587890F724}.Debug|Any CPU.ActiveCfg = Debug|Any CPU
		{0FB41432-B952-4702-90FE-A7587890F724}.Debug|Any CPU.Build.0 = Debug|Any CPU
		{0FB41432-B952-4702-90FE-A7587890F724}.Release|Any CPU.ActiveCfg = Release|Any CPU
		{0FB41432-B952-4702-90FE-A7587890F724}.Release|Any CPU.Build.0 = Release|Any CPU
	EndGlobalSection
	GlobalSection(SolutionProperties) = preSolution
		HideSolutionNode = FALSE
	EndGlobalSection
	GlobalSection(ExtensibilityGlobals) = postSolution
		SolutionGuid = {4AA847D2-F3C2-4CD8-A287-F82D362D0246}
	EndGlobalSection
EndGlobal
